
Microsoft Visual Studio Solution File, Format Version 12.00
# Visual Studio Version 16
VisualStudioVersion = 16.0.31112.23
MinimumVisualStudioVersion = 10.0.40219.1
Project("{FAE04EC0-301F-11D3-BF4B-00C04F79EFBC}") = "ResultPlusPlus", "ResultPlusPlus\ResultPlusPlus.csproj", "{AFCA3C88-089F-436C-9711-93EDA03B5787}"
EndProject
Global
	GlobalSection(SolutionConfigurationPlatforms) = preSolution
		Debug|Any CPU = Debug|Any CPU
		Release|Any CPU = Release|Any CPU
	EndGlobalSection
	GlobalSection(ProjectConfigurationPlatforms) = postSolution
		{AFCA3C88-089F-436C-9711-93EDA03B5787}.Debug|Any CPU.ActiveCfg = Debug|Any CPU
		{AFCA3C88-089F-436C-9711-93EDA03B5787}.Debug|Any CPU.Build.0 = Debug|Any CPU
		{AFCA3C88-089F-436C-9711-93EDA03B5787}.Release|Any CPU.ActiveCfg = Release|Any CPU
		{AFCA3C88-089F-436C-9711-93EDA03B5787}.Release|Any CPU.Build.0 = Release|Any CPU
	EndGlobalSection
	GlobalSection(SolutionProperties) = preSolution
		HideSolutionNode = FALSE
	EndGlobalSection
	GlobalSection(ExtensibilityGlobals) = postSolution
		SolutionGuid = {CEB584D7-97B5-461F-A459-A89A9E2D4B83}
	EndGlobalSection
EndGlobal
